
Microsoft Visual Studio Solution File, Format Version 12.00
# Visual Studio Version 16
VisualStudioVersion = 16.0.31112.23
MinimumVisualStudioVersion = 10.0.40219.1
Project("{FAE04EC0-301F-11D3-BF4B-00C04F79EFBC}") = "mobile.LTP.Android", "mobile.LTP\mobile.LTP.Android\mobile.LTP.Android.csproj", "{81AFAA4C-F7A1-47D2-A31E-DA71F5AFF5DC}"
EndProject
Project("{FAE04EC0-301F-11D3-BF4B-00C04F79EFBC}") = "mobile.LTP.iOS", "mobile.LTP\mobile.LTP.iOS\mobile.LTP.iOS.csproj", "{192ABBBE-4460-4514-AE47-E378FF15E905}"
EndProject
Project("{FAE04EC0-301F-11D3-BF4B-00C04F79EFBC}") = "mobile.LTP", "mobile.LTP\mobile.LTP\mobile.LTP.csproj", "{4C7B5F79-40D3-48E3-8135-6D919BCFEA72}"
EndProject
Global
	GlobalSection(SolutionConfigurationPlatforms) = preSolution
		Debug|Any CPU = Debug|Any CPU
		Debug|iPhone = Debug|iPhone
		Debug|iPhoneSimulator = Debug|iPhoneSimulator
		Release|Any CPU = Release|Any CPU
		Release|iPhone = Release|iPhone
		Release|iPhoneSimulator = Release|iPhoneSimulator
	EndGlobalSection
	GlobalSection(ProjectConfigurationPlatforms) = postSolution
		{81AFAA4C-F7A1-47D2-A31E-DA71F5AFF5DC}.Debug|Any CPU.ActiveCfg = Debug|Any CPU
		{81AFAA4C-F7A1-47D2-A31E-DA71F5AFF5DC}.Debug|Any CPU.Build.0 = Debug|Any CPU
		{81AFAA4C-F7A1-47D2-A31E-DA71F5AFF5DC}.Debug|Any CPU.Deploy.0 = Debug|Any CPU
		{81AFAA4C-F7A1-47D2-A31E-DA71F5AFF5DC}.Debug|iPhone.ActiveCfg = Debug|Any CPU
		{81AFAA4C-F7A1-47D2-A31E-DA71F5AFF5DC}.Debug|iPhone.Build.0 = Debug|Any CPU
		{81AFAA4C-F7A1-47D2-A31E-DA71F5AFF5DC}.Debug|iPhone.Deploy.0 = Debug|Any CPU
		{81AFAA4C-F7A1-47D2-A31E-DA71F5AFF5DC}.Debug|iPhoneSimulator.ActiveCfg = Debug|Any CPU
		{81AFAA4C-F7A1-47D2-A31E-DA71F5AFF5DC}.Debug|iPhoneSimulator.Build.0 = Debug|Any CPU
		{81AFAA4C-F7A1-47D2-A31E-DA71F5AFF5DC}.Debug|iPhoneSimulator.Deploy.0 = Debug|Any CPU
		{81AFAA4C-F7A1-47D2-A31E-DA71F5AFF5DC}.Release|Any CPU.ActiveCfg = Release|Any CPU
		{81AFAA4C-F7A1-47D2-A31E-DA71F5AFF5DC}.Release|Any CPU.Build.0 = Release|Any CPU
		{81AFAA4C-F7A1-47D2-A31E-DA71F5AFF5DC}.Release|Any CPU.Deploy.0 = Release|Any CPU
		{81AFAA4C-F7A1-47D2-A31E-DA71F5AFF5DC}.Release|iPhone.ActiveCfg = Release|Any CPU
		{81AFAA4C-F7A1-47D2-A31E-DA71F5AFF5DC}.Release|iPhone.Build.0 = Release|Any CPU
		{81AFAA4C-F7A1-47D2-A31E-DA71F5AFF5DC}.Release|iPhone.Deploy.0 = Release|Any CPU
		{81AFAA4C-F7A1-47D2-A31E-DA71F5AFF5DC}.Release|iPhoneSimulator.ActiveCfg = Release|Any CPU
		{81AFAA4C-F7A1-47D2-A31E-DA71F5AFF5DC}.Release|iPhoneSimulator.Build.0 = Release|Any CPU
		{81AFAA4C-F7A1-47D2-A31E-DA71F5AFF5DC}.Release|iPhoneSimulator.Deploy.0 = Release|Any CPU
		{192ABBBE-4460-4514-AE47-E378FF15E905}.Debug|Any CPU.ActiveCfg = Debug|iPhone
		{192ABBBE-4460-4514-AE47-E378FF15E905}.Debug|Any CPU.Build.0 = Debug|iPhone
		{192ABBBE-4460-4514-AE47-E378FF15E905}.Debug|Any CPU.Deploy.0 = Debug|iPhone
		{192ABBBE-4460-4514-AE47-E378FF15E905}.Debug|iPhone.ActiveCfg = Debug|iPhone
		{192ABBBE-4460-4514-AE47-E378FF15E905}.Debug|iPhone.Build.0 = Debug|iPhone
		{192ABBBE-4460-4514-AE47-E378FF15E905}.Debug|iPhone.Deploy.0 = Debug|iPhone
		{192ABBBE-4460-4514-AE47-E378FF15E905}.Debug|iPhoneSimulator.ActiveCfg = Debug|iPhoneSimulator
		{192ABBBE-4460-4514-AE47-E378FF15E905}.Debug|iPhoneSimulator.Build.0 = Debug|iPhoneSimulator
		{192ABBBE-4460-4514-AE47-E378FF15E905}.Debug|iPhoneSimulator.Deploy.0 = Debug|iPhoneSimulator
		{192ABBBE-4460-4514-AE47-E378FF15E905}.Release|Any CPU.ActiveCfg = Release|iPhoneSimulator
		{192ABBBE-4460-4514-AE47-E378FF15E905}.Release|Any CPU.Build.0 = Release|iPhoneSimulator
		{192ABBBE-4460-4514-AE47-E378FF15E905}.Release|Any CPU.Deploy.0 = Release|iPhoneSimulator
		{192ABBBE-4460-4514-AE47-E378FF15E905}.Release|iPhone.ActiveCfg = Release|iPhone
		{192ABBBE-4460-4514-AE47-E378FF15E905}.Release|iPhone.Build.0 = Release|iPhone
		{192ABBBE-4460-4514-AE47-E378FF15E905}.Release|iPhone.Deploy.0 = Release|iPhone
		{192ABBBE-4460-4514-AE47-E378FF15E905}.Release|iPhoneSimulator.ActiveCfg = Release|iPhoneSimulator
		{192ABBBE-4460-4514-AE47-E378FF15E905}.Release|iPhoneSimulator.Build.0 = Release|iPhoneSimulator
		{192ABBBE-4460-4514-AE47-E378FF15E905}.Release|iPhoneSimulator.Deploy.0 = Release|iPhoneSimulator
		{4C7B5F79-40D3-48E3-8135-6D919BCFEA72}.Debug|Any CPU.ActiveCfg = Debug|Any CPU
		{4C7B5F79-40D3-48E3-8135-6D919BCFEA72}.Debug|Any CPU.Build.0 = Debug|Any CPU
		{4C7B5F79-40D3-48E3-8135-6D919BCFEA72}.Debug|Any CPU.Deploy.0 = Debug|Any CPU
		{4C7B5F79-40D3-48E3-8135-6D919BCFEA72}.Debug|iPhone.ActiveCfg = Debug|Any CPU
		{4C7B5F79-40D3-48E3-8135-6D919BCFEA72}.Debug|iPhone.Build.0 = Debug|Any CPU
		{4C7B5F79-40D3-48E3-8135-6D919BCFEA72}.Debug|iPhone.Deploy.0 = Debug|Any CPU
		{4C7B5F79-40D3-48E3-8135-6D919BCFEA72}.Debug|iPhoneSimulator.ActiveCfg = Debug|Any CPU
		{4C7B5F79-40D3-48E3-8135-6D919BCFEA72}.Debug|iPhoneSimulator.Build.0 = Debug|Any CPU
		{4C7B5F79-40D3-48E3-8135-6D919BCFEA72}.Debug|iPhoneSimulator.Deploy.0 = Debug|Any CPU
		{4C7B5F79-40D3-48E3-8135-6D919BCFEA72}.Release|Any CPU.ActiveCfg = Release|Any CPU
		{4C7B5F79-40D3-48E3-8135-6D919BCFEA72}.Release|Any CPU.Build.0 = Release|Any CPU
		{4C7B5F79-40D3-48E3-8135-6D919BCFEA72}.Release|Any CPU.Deploy.0 = Release|Any CPU
		{4C7B5F79-40D3-48E3-8135-6D919BCFEA72}.Release|iPhone.ActiveCfg = Release|Any CPU
		{4C7B5F79-40D3-48E3-8135-6D919BCFEA72}.Release|iPhone.Build.0 = Release|Any CPU
		{4C7B5F79-40D3-48E3-8135-6D919BCFEA72}.Release|iPhone.Deploy.0 = Release|Any CPU
		{4C7B5F79-40D3-48E3-8135-6D919BCFEA72}.Release|iPhoneSimulator.ActiveCfg = Release|Any CPU
		{4C7B5F79-40D3-48E3-8135-6D919BCFEA72}.Release|iPhoneSimulator.Build.0 = Release|Any CPU
		{4C7B5F79-40D3-48E3-8135-6D919BCFEA72}.Release|iPhoneSimulator.Deploy.0 = Release|Any CPU
	EndGlobalSection
	GlobalSection(SolutionProperties) = preSolution
		HideSolutionNode = FALSE
	EndGlobalSection
	GlobalSection(ExtensibilityGlobals) = postSolution
		SolutionGuid = {D86395F8-2566-4F19-947B-53A0ED8DC55A}
	EndGlobalSection
EndGlobal
